// !$*UTF8*$!
{
	archiveVersion = 1;
	classes = {
	};
	objectVersion = 46;
	objects = {

/* Begin PBXBuildFile section */
		2955FDE91C7782AD0029270E /* AppDelegate.swift in Sources */ = {isa = PBXBuildFile; fileRef = 2955FDE81C7782AD0029270E /* AppDelegate.swift */; };
		2955FDEB1C7782AD0029270E /* ViewController.swift in Sources */ = {isa = PBXBuildFile; fileRef = 2955FDEA1C7782AD0029270E /* ViewController.swift */; };
		2955FDEE1C7782AD0029270E /* Main.storyboard in Resources */ = {isa = PBXBuildFile; fileRef = 2955FDEC1C7782AD0029270E /* Main.storyboard */; };
		2955FDF11C7782AD0029270E /* ProgrammaticViews.xcdatamodeld in Sources */ = {isa = PBXBuildFile; fileRef = 2955FDEF1C7782AD0029270E /* ProgrammaticViews.xcdatamodeld */; };
		2955FDF31C7782AD0029270E /* Assets.xcassets in Resources */ = {isa = PBXBuildFile; fileRef = 2955FDF21C7782AD0029270E /* Assets.xcassets */; };
		2955FDF61C7782AD0029270E /* LaunchScreen.storyboard in Resources */ = {isa = PBXBuildFile; fileRef = 2955FDF41C7782AD0029270E /* LaunchScreen.storyboard */; };
		2955FE011C7782AD0029270E /* ProgrammaticViewsTests.swift in Sources */ = {isa = PBXBuildFile; fileRef = 2955FE001C7782AD0029270E /* ProgrammaticViewsTests.swift */; };
		2955FE0C1C7782AD0029270E /* ProgrammaticViewsUITests.swift in Sources */ = {isa = PBXBuildFile; fileRef = 2955FE0B1C7782AD0029270E /* ProgrammaticViewsUITests.swift */; };
/* End PBXBuildFile section */

/* Begin PBXContainerItemProxy section */
		2955FDFD1C7782AD0029270E /* PBXContainerItemProxy */ = {
			isa = PBXContainerItemProxy;
			containerPortal = 2955FDDD1C7782AD0029270E /* Project object */;
			proxyType = 1;
			remoteGlobalIDString = 2955FDE41C7782AD0029270E;
			remoteInfo = ProgrammaticViews;
		};
		2955FE081C7782AD0029270E /* PBXContainerItemProxy */ = {
			isa = PBXContainerItemProxy;
			containerPortal = 2955FDDD1C7782AD0029270E /* Project object */;
			proxyType = 1;
			remoteGlobalIDString = 2955FDE41C7782AD0029270E;
			remoteInfo = ProgrammaticViews;
		};
/* End PBXContainerItemProxy section */

/* Begin PBXFileReference section */
		2955FDE51C7782AD0029270E /* ProgrammaticViews.app */ = {isa = PBXFileReference; explicitFileType = wrapper.application; includeInIndex = 0; path = ProgrammaticViews.app; sourceTree = BUILT_PRODUCTS_DIR; };
		2955FDE81C7782AD0029270E /* AppDelegate.swift */ = {isa = PBXFileReference; lastKnownFileType = sourcecode.swift; path = AppDelegate.swift; sourceTree = "<group>"; };
		2955FDEA1C7782AD0029270E /* ViewController.swift */ = {isa = PBXFileReference; lastKnownFileType = sourcecode.swift; path = ViewController.swift; sourceTree = "<group>"; };
		2955FDED1C7782AD0029270E /* Base */ = {isa = PBXFileReference; lastKnownFileType = file.storyboard; name = Base; path = Base.lproj/Main.storyboard; sourceTree = "<group>"; };
		2955FDF01C7782AD0029270E /* ProgrammaticViews.xcdatamodel */ = {isa = PBXFileReference; lastKnownFileType = wrapper.xcdatamodel; path = ProgrammaticViews.xcdatamodel; sourceTree = "<group>"; };
		2955FDF21C7782AD0029270E /* Assets.xcassets */ = {isa = PBXFileReference; lastKnownFileType = folder.assetcatalog; path = Assets.xcassets; sourceTree = "<group>"; };
		2955FDF51C7782AD0029270E /* Base */ = {isa = PBXFileReference; lastKnownFileType = file.storyboard; name = Base; path = Base.lproj/LaunchScreen.storyboard; sourceTree = "<group>"; };
		2955FDF71C7782AD0029270E /* Info.plist */ = {isa = PBXFileReference; lastKnownFileType = text.plist.xml; path = Info.plist; sourceTree = "<group>"; };
		2955FDFC1C7782AD0029270E /* ProgrammaticViewsTests.xctest */ = {isa = PBXFileReference; explicitFileType = wrapper.cfbundle; includeInIndex = 0; path = ProgrammaticViewsTests.xctest; sourceTree = BUILT_PRODUCTS_DIR; };
		2955FE001C7782AD0029270E /* ProgrammaticViewsTests.swift */ = {isa = PBXFileReference; lastKnownFileType = sourcecode.swift; path = ProgrammaticViewsTests.swift; sourceTree = "<group>"; };
		2955FE021C7782AD0029270E /* Info.plist */ = {isa = PBXFileReference; lastKnownFileType = text.plist.xml; path = Info.plist; sourceTree = "<group>"; };
		2955FE071C7782AD0029270E /* ProgrammaticViewsUITests.xctest */ = {isa = PBXFileReference; explicitFileType = wrapper.cfbundle; includeInIndex = 0; path = ProgrammaticViewsUITests.xctest; sourceTree = BUILT_PRODUCTS_DIR; };
		2955FE0B1C7782AD0029270E /* ProgrammaticViewsUITests.swift */ = {isa = PBXFileReference; lastKnownFileType = sourcecode.swift; path = ProgrammaticViewsUITests.swift; sourceTree = "<group>"; };
		2955FE0D1C7782AD0029270E /* Info.plist */ = {isa = PBXFileReference; lastKnownFileType = text.plist.xml; path = Info.plist; sourceTree = "<group>"; };
/* End PBXFileReference section */

/* Begin PBXFrameworksBuildPhase section */
		2955FDE21C7782AD0029270E /* Frameworks */ = {
			isa = PBXFrameworksBuildPhase;
			buildActionMask = 2147483647;
			files = (
			);
			runOnlyForDeploymentPostprocessing = 0;
		};
		2955FDF91C7782AD0029270E /* Frameworks */ = {
			isa = PBXFrameworksBuildPhase;
			buildActionMask = 2147483647;
			files = (
			);
			runOnlyForDeploymentPostprocessing = 0;
		};
		2955FE041C7782AD0029270E /* Frameworks */ = {
			isa = PBXFrameworksBuildPhase;
			buildActionMask = 2147483647;
			files = (
			);
			runOnlyForDeploymentPostprocessing = 0;
		};
/* End PBXFrameworksBuildPhase section */

/* Begin PBXGroup section */
		2955FDDC1C7782AD0029270E = {
			isa = PBXGroup;
			children = (
				2955FDE71C7782AD0029270E /* ProgrammaticViews */,
				2955FDFF1C7782AD0029270E /* ProgrammaticViewsTests */,
				2955FE0A1C7782AD0029270E /* ProgrammaticViewsUITests */,
				2955FDE61C7782AD0029270E /* Products */,
			);
			sourceTree = "<group>";
		};
		2955FDE61C7782AD0029270E /* Products */ = {
			isa = PBXGroup;
			children = (
				2955FDE51C7782AD0029270E /* ProgrammaticViews.app */,
				2955FDFC1C7782AD0029270E /* ProgrammaticViewsTests.xctest */,
				2955FE071C7782AD0029270E /* ProgrammaticViewsUITests.xctest */,
			);
			name = Products;
			sourceTree = "<group>";
		};
		2955FDE71C7782AD0029270E /* ProgrammaticViews */ = {
			isa = PBXGroup;
			children = (
				2955FDE81C7782AD0029270E /* AppDelegate.swift */,
				2955FDEA1C7782AD0029270E /* ViewController.swift */,
				2955FDEC1C7782AD0029270E /* Main.storyboard */,
				2955FDF21C7782AD0029270E /* Assets.xcassets */,
				2955FDF41C7782AD0029270E /* LaunchScreen.storyboard */,
				2955FDF71C7782AD0029270E /* Info.plist */,
				2955FDEF1C7782AD0029270E /* ProgrammaticViews.xcdatamodeld */,
			);
			path = ProgrammaticViews;
			sourceTree = "<group>";
		};
		2955FDFF1C7782AD0029270E /* ProgrammaticViewsTests */ = {
			isa = PBXGroup;
			children = (
				2955FE001C7782AD0029270E /* ProgrammaticViewsTests.swift */,
				2955FE021C7782AD0029270E /* Info.plist */,
			);
			path = ProgrammaticViewsTests;
			sourceTree = "<group>";
		};
		2955FE0A1C7782AD0029270E /* ProgrammaticViewsUITests */ = {
			isa = PBXGroup;
			children = (
				2955FE0B1C7782AD0029270E /* ProgrammaticViewsUITests.swift */,
				2955FE0D1C7782AD0029270E /* Info.plist */,
			);
			path = ProgrammaticViewsUITests;
			sourceTree = "<group>";
		};
/* End PBXGroup section */

/* Begin PBXNativeTarget section */
		2955FDE41C7782AD0029270E /* ProgrammaticViews */ = {
			isa = PBXNativeTarget;
			buildConfigurationList = 2955FE101C7782AD0029270E /* Build configuration list for PBXNativeTarget "ProgrammaticViews" */;
			buildPhases = (
				2955FDE11C7782AD0029270E /* Sources */,
				2955FDE21C7782AD0029270E /* Frameworks */,
				2955FDE31C7782AD0029270E /* Resources */,
			);
			buildRules = (
			);
			dependencies = (
			);
			name = ProgrammaticViews;
			productName = ProgrammaticViews;
			productReference = 2955FDE51C7782AD0029270E /* ProgrammaticViews.app */;
			productType = "com.apple.product-type.application";
		};
		2955FDFB1C7782AD0029270E /* ProgrammaticViewsTests */ = {
			isa = PBXNativeTarget;
			buildConfigurationList = 2955FE131C7782AD0029270E /* Build configuration list for PBXNativeTarget "ProgrammaticViewsTests" */;
			buildPhases = (
				2955FDF81C7782AD0029270E /* Sources */,
				2955FDF91C7782AD0029270E /* Frameworks */,
				2955FDFA1C7782AD0029270E /* Resources */,
			);
			buildRules = (
			);
			dependencies = (
				2955FDFE1C7782AD0029270E /* PBXTargetDependency */,
			);
			name = ProgrammaticViewsTests;
			productName = ProgrammaticViewsTests;
			productReference = 2955FDFC1C7782AD0029270E /* ProgrammaticViewsTests.xctest */;
			productType = "com.apple.product-type.bundle.unit-test";
		};
		2955FE061C7782AD0029270E /* ProgrammaticViewsUITests */ = {
			isa = PBXNativeTarget;
			buildConfigurationList = 2955FE161C7782AD0029270E /* Build configuration list for PBXNativeTarget "ProgrammaticViewsUITests" */;
			buildPhases = (
				2955FE031C7782AD0029270E /* Sources */,
				2955FE041C7782AD0029270E /* Frameworks */,
				2955FE051C7782AD0029270E /* Resources */,
			);
			buildRules = (
			);
			dependencies = (
				2955FE091C7782AD0029270E /* PBXTargetDependency */,
			);
			name = ProgrammaticViewsUITests;
			productName = ProgrammaticViewsUITests;
			productReference = 2955FE071C7782AD0029270E /* ProgrammaticViewsUITests.xctest */;
			productType = "com.apple.product-type.bundle.ui-testing";
		};
/* End PBXNativeTarget section */

/* Begin PBXProject section */
		2955FDDD1C7782AD0029270E /* Project object */ = {
			isa = PBXProject;
			attributes = {
				LastSwiftUpdateCheck = 0720;
				LastUpgradeCheck = 0720;
				ORGANIZATIONNAME = "Jake Herrmann";
				TargetAttributes = {
					2955FDE41C7782AD0029270E = {
						CreatedOnToolsVersion = 7.2.1;
					};
					2955FDFB1C7782AD0029270E = {
						CreatedOnToolsVersion = 7.2.1;
						TestTargetID = 2955FDE41C7782AD0029270E;
					};
					2955FE061C7782AD0029270E = {
						CreatedOnToolsVersion = 7.2.1;
						TestTargetID = 2955FDE41C7782AD0029270E;
					};
				};
			};
			buildConfigurationList = 2955FDE01C7782AD0029270E /* Build configuration list for PBXProject "ProgrammaticViews" */;
			compatibilityVersion = "Xcode 3.2";
			developmentRegion = English;
			hasScannedForEncodings = 0;
			knownRegions = (
				en,
				Base,
			);
			mainGroup = 2955FDDC1C7782AD0029270E;
			productRefGroup = 2955FDE61C7782AD0029270E /* Products */;
			projectDirPath = "";
			projectRoot = "";
			targets = (
				2955FDE41C7782AD0029270E /* ProgrammaticViews */,
				2955FDFB1C7782AD0029270E /* ProgrammaticViewsTests */,
				2955FE061C7782AD0029270E /* ProgrammaticViewsUITests */,
			);
		};
/* End PBXProject section */

/* Begin PBXResourcesBuildPhase section */
		2955FDE31C7782AD0029270E /* Resources */ = {
			isa = PBXResourcesBuildPhase;
			buildActionMask = 2147483647;
			files = (
				2955FDF61C7782AD0029270E /* LaunchScreen.storyboard in Resources */,
				2955FDF31C7782AD0029270E /* Assets.xcassets in Resources */,
				2955FDEE1C7782AD0029270E /* Main.storyboard in Resources */,
			);
			runOnlyForDeploymentPostprocessing = 0;
		};
		2955FDFA1C7782AD0029270E /* Resources */ = {
			isa = PBXResourcesBuildPhase;
			buildActionMask = 2147483647;
			files = (
			);
			runOnlyForDeploymentPostprocessing = 0;
		};
		2955FE051C7782AD0029270E /* Resources */ = {
			isa = PBXResourcesBuildPhase;
			buildActionMask = 2147483647;
			files = (
			);
			runOnlyForDeploymentPostprocessing = 0;
		};
/* End PBXResourcesBuildPhase section */

/* Begin PBXSourcesBuildPhase section */
		2955FDE11C7782AD0029270E /* Sources */ = {
			isa = PBXSourcesBuildPhase;
			buildActionMask = 2147483647;
			files = (
				2955FDF11C7782AD0029270E /* ProgrammaticViews.xcdatamodeld in Sources */,
				2955FDEB1C7782AD0029270E /* ViewController.swift in Sources */,
				2955FDE91C7782AD0029270E /* AppDelegate.swift in Sources */,
			);
			runOnlyForDeploymentPostprocessing = 0;
		};
		2955FDF81C7782AD0029270E /* Sources */ = {
			isa = PBXSourcesBuildPhase;
			buildActionMask = 2147483647;
			files = (
				2955FE011C7782AD0029270E /* ProgrammaticViewsTests.swift in Sources */,
			);
			runOnlyForDeploymentPostprocessing = 0;
		};
		2955FE031C7782AD0029270E /* Sources */ = {
			isa = PBXSourcesBuildPhase;
			buildActionMask = 2147483647;
			files = (
				2955FE0C1C7782AD0029270E /* ProgrammaticViewsUITests.swift in Sources */,
			);
			runOnlyForDeploymentPostprocessing = 0;
		};
/* End PBXSourcesBuildPhase section */

/* Begin PBXTargetDependency section */
		2955FDFE1C7782AD0029270E /* PBXTargetDependency */ = {
			isa = PBXTargetDependency;
			target = 2955FDE41C7782AD0029270E /* ProgrammaticViews */;
			targetProxy = 2955FDFD1C7782AD0029270E /* PBXContainerItemProxy */;
		};
		2955FE091C7782AD0029270E /* PBXTargetDependency */ = {
			isa = PBXTargetDependency;
			target = 2955FDE41C7782AD0029270E /* ProgrammaticViews */;
			targetProxy = 2955FE081C7782AD0029270E /* PBXContainerItemProxy */;
		};
/* End PBXTargetDependency section */

/* Begin PBXVariantGroup section */
		2955FDEC1C7782AD0029270E /* Main.storyboard */ = {
			isa = PBXVariantGroup;
			children = (
				2955FDED1C7782AD0029270E /* Base */,
			);
			name = Main.storyboard;
			sourceTree = "<group>";
		};
		2955FDF41C7782AD0029270E /* LaunchScreen.storyboard */ = {
			isa = PBXVariantGroup;
			children = (
				2955FDF51C7782AD0029270E /* Base */,
			);
			name = LaunchScreen.storyboard;
			sourceTree = "<group>";
		};
/* End PBXVariantGroup section */

/* Begin XCBuildConfiguration section */
		2955FE0E1C7782AD0029270E /* Debug */ = {
			isa = XCBuildConfiguration;
			buildSettings = {
				ALWAYS_SEARCH_USER_PATHS = NO;
				CLANG_CXX_LANGUAGE_STANDARD = "gnu++0x";
				CLANG_CXX_LIBRARY = "libc++";
				CLANG_ENABLE_MODULES = YES;
				CLANG_ENABLE_OBJC_ARC = YES;
				CLANG_WARN_BOOL_CONVERSION = YES;
				CLANG_WARN_CONSTANT_CONVERSION = YES;
				CLANG_WARN_DIRECT_OBJC_ISA_USAGE = YES_ERROR;
				CLANG_WARN_EMPTY_BODY = YES;
				CLANG_WARN_ENUM_CONVERSION = YES;
				CLANG_WARN_INT_CONVERSION = YES;
				CLANG_WARN_OBJC_ROOT_CLASS = YES_ERROR;
				CLANG_WARN_UNREACHABLE_CODE = YES;
				CLANG_WARN__DUPLICATE_METHOD_MATCH = YES;
				"CODE_SIGN_IDENTITY[sdk=iphoneos*]" = "iPhone Developer";
				COPY_PHASE_STRIP = NO;
				DEBUG_INFORMATION_FORMAT = dwarf;
				ENABLE_STRICT_OBJC_MSGSEND = YES;
				ENABLE_TESTABILITY = YES;
				GCC_C_LANGUAGE_STANDARD = gnu99;
				GCC_DYNAMIC_NO_PIC = NO;
				GCC_NO_COMMON_BLOCKS = YES;
				GCC_OPTIMIZATION_LEVEL = 0;
				GCC_PREPROCESSOR_DEFINITIONS = (
					"DEBUG=1",
					"$(inherited)",
				);
				GCC_WARN_64_TO_32_BIT_CONVERSION = YES;
				GCC_WARN_ABOUT_RETURN_TYPE = YES_ERROR;
				GCC_WARN_UNDECLARED_SELECTOR = YES;
				GCC_WARN_UNINITIALIZED_AUTOS = YES_AGGRESSIVE;
				GCC_WARN_UNUSED_FUNCTION = YES;
				GCC_WARN_UNUSED_VARIABLE = YES;
				IPHONEOS_DEPLOYMENT_TARGET = 9.2;
				MTL_ENABLE_DEBUG_INFO = YES;
				ONLY_ACTIVE_ARCH = YES;
				SDKROOT = iphoneos;
				SWIFT_OPTIMIZATION_LEVEL = "-Onone";
				TARGETED_DEVICE_FAMILY = "1,2";
			};
			name = Debug;
		};
		2955FE0F1C7782AD0029270E /* Release */ = {
			isa = XCBuildConfiguration;
			buildSettings = {
				ALWAYS_SEARCH_USER_PATHS = NO;
				CLANG_CXX_LANGUAGE_STANDARD = "gnu++0x";
				CLANG_CXX_LIBRARY = "libc++";
				CLANG_ENABLE_MODULES = YES;
				CLANG_ENABLE_OBJC_ARC = YES;
				CLANG_WARN_BOOL_CONVERSION = YES;
				CLANG_WARN_CONSTANT_CONVERSION = YES;
				CLANG_WARN_DIRECT_OBJC_ISA_USAGE = YES_ERROR;
				CLANG_WARN_EMPTY_BODY = YES;
				CLANG_WARN_ENUM_CONVERSION = YES;
				CLANG_WARN_INT_CONVERSION = YES;
				CLANG_WARN_OBJC_ROOT_CLASS = YES_ERROR;
				CLANG_WARN_UNREACHABLE_CODE = YES;
				CLANG_WARN__DUPLICATE_METHOD_MATCH = YES;
				"CODE_SIGN_IDENTITY[sdk=iphoneos*]" = "iPhone Developer";
				COPY_PHASE_STRIP = NO;
				DEBUG_INFORMATION_FORMAT = "dwarf-with-dsym";
				ENABLE_NS_ASSERTIONS = NO;
				ENABLE_STRICT_OBJC_MSGSEND = YES;
				GCC_C_LANGUAGE_STANDARD = gnu99;
				GCC_NO_COMMON_BLOCKS = YES;
				GCC_WARN_64_TO_32_BIT_CONVERSION = YES;
				GCC_WARN_ABOUT_RETURN_TYPE = YES_ERROR;
				GCC_WARN_UNDECLARED_SELECTOR = YES;
				GCC_WARN_UNINITIALIZED_AUTOS = YES_AGGRESSIVE;
				GCC_WARN_UNUSED_FUNCTION = YES;
				GCC_WARN_UNUSED_VARIABLE = YES;
				IPHONEOS_DEPLOYMENT_TARGET = 9.2;
				MTL_ENABLE_DEBUG_INFO = NO;
				SDKROOT = iphoneos;
				TARGETED_DEVICE_FAMILY = "1,2";
				VALIDATE_PRODUCT = YES;
			};
			name = Release;
		};
		2955FE111C7782AD0029270E /* Debug */ = {
			isa = XCBuildConfiguration;
			buildSettings = {
				ASSETCATALOG_COMPILER_APPICON_NAME = AppIcon;
				INFOPLIST_FILE = ProgrammaticViews/Info.plist;
				LD_RUNPATH_SEARCH_PATHS = "$(inherited) @executable_path/Frameworks";
				PRODUCT_BUNDLE_IDENTIFIER = Jherrmann.ProgrammaticViews;
				PRODUCT_NAME = "$(TARGET_NAME)";
			};
			name = Debug;
		};
		2955FE121C7782AD0029270E /* Release */ = {
			isa = XCBuildConfiguration;
			buildSettings = {
				ASSETCATALOG_COMPILER_APPICON_NAME = AppIcon;
				INFOPLIST_FILE = ProgrammaticViews/Info.plist;
				LD_RUNPATH_SEARCH_PATHS = "$(inherited) @executable_path/Frameworks";
				PRODUCT_BUNDLE_IDENTIFIER = Jherrmann.ProgrammaticViews;
				PRODUCT_NAME = "$(TARGET_NAME)";
			};
			name = Release;
		};
		2955FE141C7782AD0029270E /* Debug */ = {
			isa = XCBuildConfiguration;
			buildSettings = {
				BUNDLE_LOADER = "$(TEST_HOST)";
				INFOPLIST_FILE = ProgrammaticViewsTests/Info.plist;
				LD_RUNPATH_SEARCH_PATHS = "$(inherited) @executable_path/Frameworks @loader_path/Frameworks";
				PRODUCT_BUNDLE_IDENTIFIER = Jherrmann.ProgrammaticViewsTests;
				PRODUCT_NAME = "$(TARGET_NAME)";
				TEST_HOST = "$(BUILT_PRODUCTS_DIR)/ProgrammaticViews.app/ProgrammaticViews";
			};
			name = Debug;
		};
		2955FE151C7782AD0029270E /* Release */ = {
			isa = XCBuildConfiguration;
			buildSettings = {
				BUNDLE_LOADER = "$(TEST_HOST)";
				INFOPLIST_FILE = ProgrammaticViewsTests/Info.plist;
				LD_RUNPATH_SEARCH_PATHS = "$(inherited) @executable_path/Frameworks @loader_path/Frameworks";
				PRODUCT_BUNDLE_IDENTIFIER = Jherrmann.ProgrammaticViewsTests;
				PRODUCT_NAME = "$(TARGET_NAME)";
				TEST_HOST = "$(BUILT_PRODUCTS_DIR)/ProgrammaticViews.app/ProgrammaticViews";
			};
			name = Release;
		};
		2955FE171C7782AD0029270E /* Debug */ = {
			isa = XCBuildConfiguration;
			buildSettings = {
				INFOPLIST_FILE = ProgrammaticViewsUITests/Info.plist;
				LD_RUNPATH_SEARCH_PATHS = "$(inherited) @executable_path/Frameworks @loader_path/Frameworks";
				PRODUCT_BUNDLE_IDENTIFIER = Jherrmann.ProgrammaticViewsUITests;
				PRODUCT_NAME = "$(TARGET_NAME)";
				TEST_TARGET_NAME = ProgrammaticViews;
				USES_XCTRUNNER = YES;
			};
			name = Debug;
		};
		2955FE181C7782AD0029270E /* Release */ = {
			isa = XCBuildConfiguration;
			buildSettings = {
				INFOPLIST_FILE = ProgrammaticViewsUITests/Info.plist;
				LD_RUNPATH_SEARCH_PATHS = "$(inherited) @executable_path/Frameworks @loader_path/Frameworks";
				PRODUCT_BUNDLE_IDENTIFIER = Jherrmann.ProgrammaticViewsUITests;
				PRODUCT_NAME = "$(TARGET_NAME)";
				TEST_TARGET_NAME = ProgrammaticViews;
				USES_XCTRUNNER = YES;
			};
			name = Release;
		};
/* End XCBuildConfiguration section */

/* Begin XCConfigurationList section */
		2955FDE01C7782AD0029270E /* Build configuration list for PBXProject "ProgrammaticViews" */ = {
			isa = XCConfigurationList;
			buildConfigurations = (
				2955FE0E1C7782AD0029270E /* Debug */,
				2955FE0F1C7782AD0029270E /* Release */,
			);
			defaultConfigurationIsVisible = 0;
			defaultConfigurationName = Release;
		};
		2955FE101C7782AD0029270E /* Build configuration list for PBXNativeTarget "ProgrammaticViews" */ = {
			isa = XCConfigurationList;
			buildConfigurations = (
				2955FE111C7782AD0029270E /* Debug */,
				2955FE121C7782AD0029270E /* Release */,
			);
			defaultConfigurationIsVisible = 0;
		};
		2955FE131C7782AD0029270E /* Build configuration list for PBXNativeTarget "ProgrammaticViewsTests" */ = {
			isa = XCConfigurationList;
			buildConfigurations = (
				2955FE141C7782AD0029270E /* Debug */,
				2955FE151C7782AD0029270E /* Release */,
			);
			defaultConfigurationIsVisible = 0;
		};
		2955FE161C7782AD0029270E /* Build configuration list for PBXNativeTarget "ProgrammaticViewsUITests" */ = {
			isa = XCConfigurationList;
			buildConfigurations = (
				2955FE171C7782AD0029270E /* Debug */,
				2955FE181C7782AD0029270E /* Release */,
			);
			defaultConfigurationIsVisible = 0;
		};
/* End XCConfigurationList section */

/* Begin XCVersionGroup section */
		2955FDEF1C7782AD0029270E /* ProgrammaticViews.xcdatamodeld */ = {
			isa = XCVersionGroup;
			children = (
				2955FDF01C7782AD0029270E /* ProgrammaticViews.xcdatamodel */,
			);
			currentVersion = 2955FDF01C7782AD0029270E /* ProgrammaticViews.xcdatamodel */;
			path = ProgrammaticViews.xcdatamodeld;
			sourceTree = "<group>";
			versionGroupType = wrapper.xcdatamodel;
		};
/* End XCVersionGroup section */
	};
	rootObject = 2955FDDD1C7782AD0029270E /* Project object */;
}
